# This file was autogenerated by Stack.
# You should not edit this file by hand.
# For more information, please see the documentation at:
#   https://docs.haskellstack.org/en/stable/topics/lock_files

packages:
- completed:
    hackage: xmobar-0.50@sha256:69acf20731074012f01477525f67a2dc0fac141560e60f58663b45eff6d2ee86,15275
    pantry-tree:
      sha256: d6a41bb02e24f485147ee34e870cf4ab1dea279aff1188e0aae2569ddaf24957
      size: 9991
  original:
    hackage: xmobar-0.50
- completed:
    hackage: hashtables-1.4.2@sha256:4940cab94a15d469845ccf5225f9cb3d354c15e8127ebb58425c8b681f7721d9,10386
    pantry-tree:
      sha256: 65107f0c970351b971ea1f676a5e00b61e37c298a4c83c867d937f2a774501eb
      size: 2895
  original:
    hackage: hashtables-1.4.2
snapshots:
- completed:
    sha256: 889b6bffaf21cd509a7c6017703281e77c2f6df0a0908a11c85fa97fcbf11d4e
    size: 680573
    url: https://raw.githubusercontent.com/commercialhaskell/stackage-snapshots/master/lts/23/10.yaml
  original:
    url: https://raw.githubusercontent.com/commercialhaskell/stackage-snapshots/master/lts/23/10.yaml
